
Microsoft Visual Studio Solution File, Format Version 12.00
# Visual Studio Version 17
VisualStudioVersion = 17.2.32616.157
MinimumVisualStudioVersion = 10.0.40219.1
Project("{FAE04EC0-301F-11D3-BF4B-00C04F79EFBC}") = "SD_TestAutomationFramework", "SD_TestAutomationFramework\SD_TestAutomationFramework.csproj", "{1588E22E-B0FF-4B90-A750-81ADDBDAD8EB}"
EndProject
Global
	GlobalSection(SolutionConfigurationPlatforms) = preSolution
		Debug|Any CPU = Debug|Any CPU
		Release|Any CPU = Release|Any CPU
	EndGlobalSection
	GlobalSection(ProjectConfigurationPlatforms) = postSolution
		{1588E22E-B0FF-4B90-A750-81ADDBDAD8EB}.Debug|Any CPU.ActiveCfg = Debug|Any CPU
		{1588E22E-B0FF-4B90-A750-81ADDBDAD8EB}.Debug|Any CPU.Build.0 = Debug|Any CPU
		{1588E22E-B0FF-4B90-A750-81ADDBDAD8EB}.Release|Any CPU.ActiveCfg = Release|Any CPU
		{1588E22E-B0FF-4B90-A750-81ADDBDAD8EB}.Release|Any CPU.Build.0 = Release|Any CPU
	EndGlobalSection
	GlobalSection(SolutionProperties) = preSolution
		HideSolutionNode = FALSE
	EndGlobalSection
	GlobalSection(ExtensibilityGlobals) = postSolution
		SolutionGuid = {1C3DE2B5-DCE6-4FF0-AC78-ACABEF05DDA9}
	EndGlobalSection
EndGlobal
